
Microsoft Visual Studio Solution File, Format Version 12.00
# Visual Studio 14
VisualStudioVersion = 14.0.23107.0
MinimumVisualStudioVersion = 10.0.40219.1
Project("{FAE04EC0-301F-11D3-BF4B-00C04F79EFBC}") = "aspnet-jwt", "aspnet-jwt\aspnet-jwt.csproj", "{396345BD-9837-4150-BBCA-E9D701605477}"
EndProject
Project("{FAE04EC0-301F-11D3-BF4B-00C04F79EFBC}") = "jwt-test", "jwt-test\jwt-test.csproj", "{1FEE4911-66BB-42ED-8CBB-801B05AB3950}"
EndProject
Global
	GlobalSection(SolutionConfigurationPlatforms) = preSolution
		Debug|Any CPU = Debug|Any CPU
		Release|Any CPU = Release|Any CPU
	EndGlobalSection
	GlobalSection(ProjectConfigurationPlatforms) = postSolution
		{396345BD-9837-4150-BBCA-E9D701605477}.Debug|Any CPU.ActiveCfg = Debug|Any CPU
		{396345BD-9837-4150-BBCA-E9D701605477}.Debug|Any CPU.Build.0 = Debug|Any CPU
		{396345BD-9837-4150-BBCA-E9D701605477}.Release|Any CPU.ActiveCfg = Release|Any CPU
		{396345BD-9837-4150-BBCA-E9D701605477}.Release|Any CPU.Build.0 = Release|Any CPU
		{1FEE4911-66BB-42ED-8CBB-801B05AB3950}.Debug|Any CPU.ActiveCfg = Debug|Any CPU
		{1FEE4911-66BB-42ED-8CBB-801B05AB3950}.Debug|Any CPU.Build.0 = Debug|Any CPU
		{1FEE4911-66BB-42ED-8CBB-801B05AB3950}.Release|Any CPU.ActiveCfg = Release|Any CPU
		{1FEE4911-66BB-42ED-8CBB-801B05AB3950}.Release|Any CPU.Build.0 = Release|Any CPU
	EndGlobalSection
	GlobalSection(SolutionProperties) = preSolution
		HideSolutionNode = FALSE
	EndGlobalSection
EndGlobal
